// !$*UTF8*$!
{
	archiveVersion = 1;
	classes = {
	};
	objectVersion = 55;
	objects = {

/* Begin PBXBuildFile section */
		8D7F36A628B4A742008A8DB1 /* ApiConsumeApp.swift in Sources */ = {isa = PBXBuildFile; fileRef = 8D7F36A528B4A742008A8DB1 /* ApiConsumeApp.swift */; };
		8D7F36A828B4A742008A8DB1 /* ContentView.swift in Sources */ = {isa = PBXBuildFile; fileRef = 8D7F36A728B4A742008A8DB1 /* ContentView.swift */; };
		8D7F36AA28B4A743008A8DB1 /* Assets.xcassets in Resources */ = {isa = PBXBuildFile; fileRef = 8D7F36A928B4A743008A8DB1 /* Assets.xcassets */; };
		8D7F36AD28B4A743008A8DB1 /* Preview Assets.xcassets in Resources */ = {isa = PBXBuildFile; fileRef = 8D7F36AC28B4A743008A8DB1 /* Preview Assets.xcassets */; };
		8D7F36B728B4A744008A8DB1 /* ApiConsumeTests.swift in Sources */ = {isa = PBXBuildFile; fileRef = 8D7F36B628B4A744008A8DB1 /* ApiConsumeTests.swift */; };
		8D7F36C128B4A744008A8DB1 /* ApiConsumeUITests.swift in Sources */ = {isa = PBXBuildFile; fileRef = 8D7F36C028B4A744008A8DB1 /* ApiConsumeUITests.swift */; };
		8D7F36C328B4A744008A8DB1 /* ApiConsumeUITestsLaunchTests.swift in Sources */ = {isa = PBXBuildFile; fileRef = 8D7F36C228B4A744008A8DB1 /* ApiConsumeUITestsLaunchTests.swift */; };
/* End PBXBuildFile section */

/* Begin PBXContainerItemProxy section */
		8D7F36B328B4A743008A8DB1 /* PBXContainerItemProxy */ = {
			isa = PBXContainerItemProxy;
			containerPortal = 8D7F369A28B4A742008A8DB1 /* Project object */;
			proxyType = 1;
			remoteGlobalIDString = 8D7F36A128B4A742008A8DB1;
			remoteInfo = ApiConsume;
		};
		8D7F36BD28B4A744008A8DB1 /* PBXContainerItemProxy */ = {
			isa = PBXContainerItemProxy;
			containerPortal = 8D7F369A28B4A742008A8DB1 /* Project object */;
			proxyType = 1;
			remoteGlobalIDString = 8D7F36A128B4A742008A8DB1;
			remoteInfo = ApiConsume;
		};
/* End PBXContainerItemProxy section */

/* Begin PBXFileReference section */
		8D7F36A228B4A742008A8DB1 /* ApiConsume.app */ = {isa = PBXFileReference; explicitFileType = wrapper.application; includeInIndex = 0; path = ApiConsume.app; sourceTree = BUILT_PRODUCTS_DIR; };
		8D7F36A528B4A742008A8DB1 /* ApiConsumeApp.swift */ = {isa = PBXFileReference; lastKnownFileType = sourcecode.swift; path = ApiConsumeApp.swift; sourceTree = "<group>"; };
		8D7F36A728B4A742008A8DB1 /* ContentView.swift */ = {isa = PBXFileReference; lastKnownFileType = sourcecode.swift; path = ContentView.swift; sourceTree = "<group>"; };
		8D7F36A928B4A743008A8DB1 /* Assets.xcassets */ = {isa = PBXFileReference; lastKnownFileType = folder.assetcatalog; path = Assets.xcassets; sourceTree = "<group>"; };
		8D7F36AC28B4A743008A8DB1 /* Preview Assets.xcassets */ = {isa = PBXFileReference; lastKnownFileType = folder.assetcatalog; path = "Preview Assets.xcassets"; sourceTree = "<group>"; };
		8D7F36B228B4A743008A8DB1 /* ApiConsumeTests.xctest */ = {isa = PBXFileReference; explicitFileType = wrapper.cfbundle; includeInIndex = 0; path = ApiConsumeTests.xctest; sourceTree = BUILT_PRODUCTS_DIR; };
		8D7F36B628B4A744008A8DB1 /* ApiConsumeTests.swift */ = {isa = PBXFileReference; lastKnownFileType = sourcecode.swift; path = ApiConsumeTests.swift; sourceTree = "<group>"; };
		8D7F36BC28B4A744008A8DB1 /* ApiConsumeUITests.xctest */ = {isa = PBXFileReference; explicitFileType = wrapper.cfbundle; includeInIndex = 0; path = ApiConsumeUITests.xctest; sourceTree = BUILT_PRODUCTS_DIR; };
		8D7F36C028B4A744008A8DB1 /* ApiConsumeUITests.swift */ = {isa = PBXFileReference; lastKnownFileType = sourcecode.swift; path = ApiConsumeUITests.swift; sourceTree = "<group>"; };
		8D7F36C228B4A744008A8DB1 /* ApiConsumeUITestsLaunchTests.swift */ = {isa = PBXFileReference; lastKnownFileType = sourcecode.swift; path = ApiConsumeUITestsLaunchTests.swift; sourceTree = "<group>"; };
/* End PBXFileReference section */

/* Begin PBXFrameworksBuildPhase section */
		8D7F369F28B4A742008A8DB1 /* Frameworks */ = {
			isa = PBXFrameworksBuildPhase;
			buildActionMask = 2147483647;
			files = (
			);
			runOnlyForDeploymentPostprocessing = 0;
		};
		8D7F36AF28B4A743008A8DB1 /* Frameworks */ = {
			isa = PBXFrameworksBuildPhase;
			buildActionMask = 2147483647;
			files = (
			);
			runOnlyForDeploymentPostprocessing = 0;
		};
		8D7F36B928B4A744008A8DB1 /* Frameworks */ = {
			isa = PBXFrameworksBuildPhase;
			buildActionMask = 2147483647;
			files = (
			);
			runOnlyForDeploymentPostprocessing = 0;
		};
/* End PBXFrameworksBuildPhase section */

/* Begin PBXGroup section */
		8D7F369928B4A742008A8DB1 = {
			isa = PBXGroup;
			children = (
				8D7F36A428B4A742008A8DB1 /* ApiConsume */,
				8D7F36B528B4A744008A8DB1 /* ApiConsumeTests */,
				8D7F36BF28B4A744008A8DB1 /* ApiConsumeUITests */,
				8D7F36A328B4A742008A8DB1 /* Products */,
			);
			sourceTree = "<group>";
		};
		8D7F36A328B4A742008A8DB1 /* Products */ = {
			isa = PBXGroup;
			children = (
				8D7F36A228B4A742008A8DB1 /* ApiConsume.app */,
				8D7F36B228B4A743008A8DB1 /* ApiConsumeTests.xctest */,
				8D7F36BC28B4A744008A8DB1 /* ApiConsumeUITests.xctest */,
			);
			name = Products;
			sourceTree = "<group>";
		};
		8D7F36A428B4A742008A8DB1 /* ApiConsume */ = {
			isa = PBXGroup;
			children = (
				8D7F36A528B4A742008A8DB1 /* ApiConsumeApp.swift */,
				8D7F36A728B4A742008A8DB1 /* ContentView.swift */,
				8D7F36A928B4A743008A8DB1 /* Assets.xcassets */,
				8D7F36AB28B4A743008A8DB1 /* Preview Content */,
			);
			path = ApiConsume;
			sourceTree = "<group>";
		};
		8D7F36AB28B4A743008A8DB1 /* Preview Content */ = {
			isa = PBXGroup;
			children = (
				8D7F36AC28B4A743008A8DB1 /* Preview Assets.xcassets */,
			);
			path = "Preview Content";
			sourceTree = "<group>";
		};
		8D7F36B528B4A744008A8DB1 /* ApiConsumeTests */ = {
			isa = PBXGroup;
			children = (
				8D7F36B628B4A744008A8DB1 /* ApiConsumeTests.swift */,
			);
			path = ApiConsumeTests;
			sourceTree = "<group>";
		};
		8D7F36BF28B4A744008A8DB1 /* ApiConsumeUITests */ = {
			isa = PBXGroup;
			children = (
				8D7F36C028B4A744008A8DB1 /* ApiConsumeUITests.swift */,
				8D7F36C228B4A744008A8DB1 /* ApiConsumeUITestsLaunchTests.swift */,
			);
			path = ApiConsumeUITests;
			sourceTree = "<group>";
		};
/* End PBXGroup section */

/* Begin PBXNativeTarget section */
		8D7F36A128B4A742008A8DB1 /* ApiConsume */ = {
			isa = PBXNativeTarget;
			buildConfigurationList = 8D7F36C628B4A744008A8DB1 /* Build configuration list for PBXNativeTarget "ApiConsume" */;
			buildPhases = (
				8D7F369E28B4A742008A8DB1 /* Sources */,
				8D7F369F28B4A742008A8DB1 /* Frameworks */,
				8D7F36A028B4A742008A8DB1 /* Resources */,
			);
			buildRules = (
			);
			dependencies = (
			);
			name = ApiConsume;
			productName = ApiConsume;
			productReference = 8D7F36A228B4A742008A8DB1 /* ApiConsume.app */;
			productType = "com.apple.product-type.application";
		};
		8D7F36B128B4A743008A8DB1 /* ApiConsumeTests */ = {
			isa = PBXNativeTarget;
			buildConfigurationList = 8D7F36C928B4A744008A8DB1 /* Build configuration list for PBXNativeTarget "ApiConsumeTests" */;
			buildPhases = (
				8D7F36AE28B4A743008A8DB1 /* Sources */,
				8D7F36AF28B4A743008A8DB1 /* Frameworks */,
				8D7F36B028B4A743008A8DB1 /* Resources */,
			);
			buildRules = (
			);
			dependencies = (
				8D7F36B428B4A743008A8DB1 /* PBXTargetDependency */,
			);
			name = ApiConsumeTests;
			productName = ApiConsumeTests;
			productReference = 8D7F36B228B4A743008A8DB1 /* ApiConsumeTests.xctest */;
			productType = "com.apple.product-type.bundle.unit-test";
		};
		8D7F36BB28B4A744008A8DB1 /* ApiConsumeUITests */ = {
			isa = PBXNativeTarget;
			buildConfigurationList = 8D7F36CC28B4A744008A8DB1 /* Build configuration list for PBXNativeTarget "ApiConsumeUITests" */;
			buildPhases = (
				8D7F36B828B4A744008A8DB1 /* Sources */,
				8D7F36B928B4A744008A8DB1 /* Frameworks */,
				8D7F36BA28B4A744008A8DB1 /* Resources */,
			);
			buildRules = (
			);
			dependencies = (
				8D7F36BE28B4A744008A8DB1 /* PBXTargetDependency */,
			);
			name = ApiConsumeUITests;
			productName = ApiConsumeUITests;
			productReference = 8D7F36BC28B4A744008A8DB1 /* ApiConsumeUITests.xctest */;
			productType = "com.apple.product-type.bundle.ui-testing";
		};
/* End PBXNativeTarget section */

/* Begin PBXProject section */
		8D7F369A28B4A742008A8DB1 /* Project object */ = {
			isa = PBXProject;
			attributes = {
				BuildIndependentTargetsInParallel = 1;
				LastSwiftUpdateCheck = 1340;
				LastUpgradeCheck = 1340;
				TargetAttributes = {
					8D7F36A128B4A742008A8DB1 = {
						CreatedOnToolsVersion = 13.4.1;
					};
					8D7F36B128B4A743008A8DB1 = {
						CreatedOnToolsVersion = 13.4.1;
						TestTargetID = 8D7F36A128B4A742008A8DB1;
					};
					8D7F36BB28B4A744008A8DB1 = {
						CreatedOnToolsVersion = 13.4.1;
						TestTargetID = 8D7F36A128B4A742008A8DB1;
					};
				};
			};
			buildConfigurationList = 8D7F369D28B4A742008A8DB1 /* Build configuration list for PBXProject "ApiConsume" */;
			compatibilityVersion = "Xcode 13.0";
			developmentRegion = en;
			hasScannedForEncodings = 0;
			knownRegions = (
				en,
				Base,
			);
			mainGroup = 8D7F369928B4A742008A8DB1;
			productRefGroup = 8D7F36A328B4A742008A8DB1 /* Products */;
			projectDirPath = "";
			projectRoot = "";
			targets = (
				8D7F36A128B4A742008A8DB1 /* ApiConsume */,
				8D7F36B128B4A743008A8DB1 /* ApiConsumeTests */,
				8D7F36BB28B4A744008A8DB1 /* ApiConsumeUITests */,
			);
		};
/* End PBXProject section */

/* Begin PBXResourcesBuildPhase section */
		8D7F36A028B4A742008A8DB1 /* Resources */ = {
			isa = PBXResourcesBuildPhase;
			buildActionMask = 2147483647;
			files = (
				8D7F36AD28B4A743008A8DB1 /* Preview Assets.xcassets in Resources */,
				8D7F36AA28B4A743008A8DB1 /* Assets.xcassets in Resources */,
			);
			runOnlyForDeploymentPostprocessing = 0;
		};
		8D7F36B028B4A743008A8DB1 /* Resources */ = {
			isa = PBXResourcesBuildPhase;
			buildActionMask = 2147483647;
			files = (
			);
			runOnlyForDeploymentPostprocessing = 0;
		};
		8D7F36BA28B4A744008A8DB1 /* Resources */ = {
			isa = PBXResourcesBuildPhase;
			buildActionMask = 2147483647;
			files = (
			);
			runOnlyForDeploymentPostprocessing = 0;
		};
/* End PBXResourcesBuildPhase section */

/* Begin PBXSourcesBuildPhase section */
		8D7F369E28B4A742008A8DB1 /* Sources */ = {
			isa = PBXSourcesBuildPhase;
			buildActionMask = 2147483647;
			files = (
				8D7F36A828B4A742008A8DB1 /* ContentView.swift in Sources */,
				8D7F36A628B4A742008A8DB1 /* ApiConsumeApp.swift in Sources */,
			);
			runOnlyForDeploymentPostprocessing = 0;
		};
		8D7F36AE28B4A743008A8DB1 /* Sources */ = {
			isa = PBXSourcesBuildPhase;
			buildActionMask = 2147483647;
			files = (
				8D7F36B728B4A744008A8DB1 /* ApiConsumeTests.swift in Sources */,
			);
			runOnlyForDeploymentPostprocessing = 0;
		};
		8D7F36B828B4A744008A8DB1 /* Sources */ = {
			isa = PBXSourcesBuildPhase;
			buildActionMask = 2147483647;
			files = (
				8D7F36C328B4A744008A8DB1 /* ApiConsumeUITestsLaunchTests.swift in Sources */,
				8D7F36C128B4A744008A8DB1 /* ApiConsumeUITests.swift in Sources */,
			);
			runOnlyForDeploymentPostprocessing = 0;
		};
/* End PBXSourcesBuildPhase section */

/* Begin PBXTargetDependency section */
		8D7F36B428B4A743008A8DB1 /* PBXTargetDependency */ = {
			isa = PBXTargetDependency;
			target = 8D7F36A128B4A742008A8DB1 /* ApiConsume */;
			targetProxy = 8D7F36B328B4A743008A8DB1 /* PBXContainerItemProxy */;
		};
		8D7F36BE28B4A744008A8DB1 /* PBXTargetDependency */ = {
			isa = PBXTargetDependency;
			target = 8D7F36A128B4A742008A8DB1 /* ApiConsume */;
			targetProxy = 8D7F36BD28B4A744008A8DB1 /* PBXContainerItemProxy */;
		};
/* End PBXTargetDependency section */

/* Begin XCBuildConfiguration section */
		8D7F36C428B4A744008A8DB1 /* Debug */ = {
			isa = XCBuildConfiguration;
			buildSettings = {
				ALWAYS_SEARCH_USER_PATHS = NO;
				CLANG_ANALYZER_NONNULL = YES;
				CLANG_ANALYZER_NUMBER_OBJECT_CONVERSION = YES_AGGRESSIVE;
				CLANG_CXX_LANGUAGE_STANDARD = "gnu++17";
				CLANG_ENABLE_MODULES = YES;
				CLANG_ENABLE_OBJC_ARC = YES;
				CLANG_ENABLE_OBJC_WEAK = YES;
				CLANG_WARN_BLOCK_CAPTURE_AUTORELEASING = YES;
				CLANG_WARN_BOOL_CONVERSION = YES;
				CLANG_WARN_COMMA = YES;
				CLANG_WARN_CONSTANT_CONVERSION = YES;
				CLANG_WARN_DEPRECATED_OBJC_IMPLEMENTATIONS = YES;
				CLANG_WARN_DIRECT_OBJC_ISA_USAGE = YES_ERROR;
				CLANG_WARN_DOCUMENTATION_COMMENTS = YES;
				CLANG_WARN_EMPTY_BODY = YES;
				CLANG_WARN_ENUM_CONVERSION = YES;
				CLANG_WARN_INFINITE_RECURSION = YES;
				CLANG_WARN_INT_CONVERSION = YES;
				CLANG_WARN_NON_LITERAL_NULL_CONVERSION = YES;
				CLANG_WARN_OBJC_IMPLICIT_RETAIN_SELF = YES;
				CLANG_WARN_OBJC_LITERAL_CONVERSION = YES;
				CLANG_WARN_OBJC_ROOT_CLASS = YES_ERROR;
				CLANG_WARN_QUOTED_INCLUDE_IN_FRAMEWORK_HEADER = YES;
				CLANG_WARN_RANGE_LOOP_ANALYSIS = YES;
				CLANG_WARN_STRICT_PROTOTYPES = YES;
				CLANG_WARN_SUSPICIOUS_MOVE = YES;
				CLANG_WARN_UNGUARDED_AVAILABILITY = YES_AGGRESSIVE;
				CLANG_WARN_UNREACHABLE_CODE = YES;
				CLANG_WARN__DUPLICATE_METHOD_MATCH = YES;
				COPY_PHASE_STRIP = NO;
				DEBUG_INFORMATION_FORMAT = dwarf;
				ENABLE_STRICT_OBJC_MSGSEND = YES;
				ENABLE_TESTABILITY = YES;
				GCC_C_LANGUAGE_STANDARD = gnu11;
				GCC_DYNAMIC_NO_PIC = NO;
				GCC_NO_COMMON_BLOCKS = YES;
				GCC_OPTIMIZATION_LEVEL = 0;
				GCC_PREPROCESSOR_DEFINITIONS = (
					"DEBUG=1",
					"$(inherited)",
				);
				GCC_WARN_64_TO_32_BIT_CONVERSION = YES;
				GCC_WARN_ABOUT_RETURN_TYPE = YES_ERROR;
				GCC_WARN_UNDECLARED_SELECTOR = YES;
				GCC_WARN_UNINITIALIZED_AUTOS = YES_AGGRESSIVE;
				GCC_WARN_UNUSED_FUNCTION = YES;
				GCC_WARN_UNUSED_VARIABLE = YES;
				IPHONEOS_DEPLOYMENT_TARGET = 15.5;
				MTL_ENABLE_DEBUG_INFO = INCLUDE_SOURCE;
				MTL_FAST_MATH = YES;
				ONLY_ACTIVE_ARCH = YES;
				SDKROOT = iphoneos;
				SWIFT_ACTIVE_COMPILATION_CONDITIONS = DEBUG;
				SWIFT_OPTIMIZATION_LEVEL = "-Onone";
			};
			name = Debug;
		};
		8D7F36C528B4A744008A8DB1 /* Release */ = {
			isa = XCBuildConfiguration;
			buildSettings = {
				ALWAYS_SEARCH_USER_PATHS = NO;
				CLANG_ANALYZER_NONNULL = YES;
				CLANG_ANALYZER_NUMBER_OBJECT_CONVERSION = YES_AGGRESSIVE;
				CLANG_CXX_LANGUAGE_STANDARD = "gnu++17";
				CLANG_ENABLE_MODULES = YES;
				CLANG_ENABLE_OBJC_ARC = YES;
				CLANG_ENABLE_OBJC_WEAK = YES;
				CLANG_WARN_BLOCK_CAPTURE_AUTORELEASING = YES;
				CLANG_WARN_BOOL_CONVERSION = YES;
				CLANG_WARN_COMMA = YES;
				CLANG_WARN_CONSTANT_CONVERSION = YES;
				CLANG_WARN_DEPRECATED_OBJC_IMPLEMENTATIONS = YES;
				CLANG_WARN_DIRECT_OBJC_ISA_USAGE = YES_ERROR;
				CLANG_WARN_DOCUMENTATION_COMMENTS = YES;
				CLANG_WARN_EMPTY_BODY = YES;
				CLANG_WARN_ENUM_CONVERSION = YES;
				CLANG_WARN_INFINITE_RECURSION = YES;
				CLANG_WARN_INT_CONVERSION = YES;
				CLANG_WARN_NON_LITERAL_NULL_CONVERSION = YES;
				CLANG_WARN_OBJC_IMPLICIT_RETAIN_SELF = YES;
				CLANG_WARN_OBJC_LITERAL_CONVERSION = YES;
				CLANG_WARN_OBJC_ROOT_CLASS = YES_ERROR;
				CLANG_WARN_QUOTED_INCLUDE_IN_FRAMEWORK_HEADER = YES;
				CLANG_WARN_RANGE_LOOP_ANALYSIS = YES;
				CLANG_WARN_STRICT_PROTOTYPES = YES;
				CLANG_WARN_SUSPICIOUS_MOVE = YES;
				CLANG_WARN_UNGUARDED_AVAILABILITY = YES_AGGRESSIVE;
				CLANG_WARN_UNREACHABLE_CODE = YES;
				CLANG_WARN__DUPLICATE_METHOD_MATCH = YES;
				COPY_PHASE_STRIP = NO;
				DEBUG_INFORMATION_FORMAT = "dwarf-with-dsym";
				ENABLE_NS_ASSERTIONS = NO;
				ENABLE_STRICT_OBJC_MSGSEND = YES;
				GCC_C_LANGUAGE_STANDARD = gnu11;
				GCC_NO_COMMON_BLOCKS = YES;
				GCC_WARN_64_TO_32_BIT_CONVERSION = YES;
				GCC_WARN_ABOUT_RETURN_TYPE = YES_ERROR;
				GCC_WARN_UNDECLARED_SELECTOR = YES;
				GCC_WARN_UNINITIALIZED_AUTOS = YES_AGGRESSIVE;
				GCC_WARN_UNUSED_FUNCTION = YES;
				GCC_WARN_UNUSED_VARIABLE = YES;
				IPHONEOS_DEPLOYMENT_TARGET = 15.5;
				MTL_ENABLE_DEBUG_INFO = NO;
				MTL_FAST_MATH = YES;
				SDKROOT = iphoneos;
				SWIFT_COMPILATION_MODE = wholemodule;
				SWIFT_OPTIMIZATION_LEVEL = "-O";
				VALIDATE_PRODUCT = YES;
			};
			name = Release;
		};
		8D7F36C728B4A744008A8DB1 /* Debug */ = {
			isa = XCBuildConfiguration;
			buildSettings = {
				ASSETCATALOG_COMPILER_APPICON_NAME = AppIcon;
				ASSETCATALOG_COMPILER_GLOBAL_ACCENT_COLOR_NAME = AccentColor;
				CODE_SIGN_STYLE = Automatic;
				CURRENT_PROJECT_VERSION = 1;
				DEVELOPMENT_ASSET_PATHS = "\"ApiConsume/Preview Content\"";
				ENABLE_PREVIEWS = YES;
				GENERATE_INFOPLIST_FILE = YES;
				INFOPLIST_KEY_UIApplicationSceneManifest_Generation = YES;
				INFOPLIST_KEY_UIApplicationSupportsIndirectInputEvents = YES;
				INFOPLIST_KEY_UILaunchScreen_Generation = YES;
				INFOPLIST_KEY_UISupportedInterfaceOrientations_iPad = "UIInterfaceOrientationPortrait UIInterfaceOrientationPortraitUpsideDown UIInterfaceOrientationLandscapeLeft UIInterfaceOrientationLandscapeRight";
				INFOPLIST_KEY_UISupportedInterfaceOrientations_iPhone = "UIInterfaceOrientationPortrait UIInterfaceOrientationLandscapeLeft UIInterfaceOrientationLandscapeRight";
				LD_RUNPATH_SEARCH_PATHS = (
					"$(inherited)",
					"@executable_path/Frameworks",
				);
				MARKETING_VERSION = 1.0;
				PRODUCT_BUNDLE_IDENTIFIER = lucys.ApiConsume;
				PRODUCT_NAME = "$(TARGET_NAME)";
				SWIFT_EMIT_LOC_STRINGS = YES;
				SWIFT_VERSION = 5.0;
				TARGETED_DEVICE_FAMILY = "1,2";
			};
			name = Debug;
		};
		8D7F36C828B4A744008A8DB1 /* Release */ = {
			isa = XCBuildConfiguration;
			buildSettings = {
				ASSETCATALOG_COMPILER_APPICON_NAME = AppIcon;
				ASSETCATALOG_COMPILER_GLOBAL_ACCENT_COLOR_NAME = AccentColor;
				CODE_SIGN_STYLE = Automatic;
				CURRENT_PROJECT_VERSION = 1;
				DEVELOPMENT_ASSET_PATHS = "\"ApiConsume/Preview Content\"";
				ENABLE_PREVIEWS = YES;
				GENERATE_INFOPLIST_FILE = YES;
				INFOPLIST_KEY_UIApplicationSceneManifest_Generation = YES;
				INFOPLIST_KEY_UIApplicationSupportsIndirectInputEvents = YES;
				INFOPLIST_KEY_UILaunchScreen_Generation = YES;
				INFOPLIST_KEY_UISupportedInterfaceOrientations_iPad = "UIInterfaceOrientationPortrait UIInterfaceOrientationPortraitUpsideDown UIInterfaceOrientationLandscapeLeft UIInterfaceOrientationLandscapeRight";
				INFOPLIST_KEY_UISupportedInterfaceOrientations_iPhone = "UIInterfaceOrientationPortrait UIInterfaceOrientationLandscapeLeft UIInterfaceOrientationLandscapeRight";
				LD_RUNPATH_SEARCH_PATHS = (
					"$(inherited)",
					"@executable_path/Frameworks",
				);
				MARKETING_VERSION = 1.0;
				PRODUCT_BUNDLE_IDENTIFIER = lucys.ApiConsume;
				PRODUCT_NAME = "$(TARGET_NAME)";
				SWIFT_EMIT_LOC_STRINGS = YES;
				SWIFT_VERSION = 5.0;
				TARGETED_DEVICE_FAMILY = "1,2";
			};
			name = Release;
		};
		8D7F36CA28B4A744008A8DB1 /* Debug */ = {
			isa = XCBuildConfiguration;
			buildSettings = {
				ALWAYS_EMBED_SWIFT_STANDARD_LIBRARIES = YES;
				BUNDLE_LOADER = "$(TEST_HOST)";
				CODE_SIGN_STYLE = Automatic;
				CURRENT_PROJECT_VERSION = 1;
				GENERATE_INFOPLIST_FILE = YES;
				IPHONEOS_DEPLOYMENT_TARGET = 15.5;
				MARKETING_VERSION = 1.0;
				PRODUCT_BUNDLE_IDENTIFIER = lucys.ApiConsumeTests;
				PRODUCT_NAME = "$(TARGET_NAME)";
				SWIFT_EMIT_LOC_STRINGS = NO;
				SWIFT_VERSION = 5.0;
				TARGETED_DEVICE_FAMILY = "1,2";
				TEST_HOST = "$(BUILT_PRODUCTS_DIR)/ApiConsume.app/ApiConsume";
			};
			name = Debug;
		};
		8D7F36CB28B4A744008A8DB1 /* Release */ = {
			isa = XCBuildConfiguration;
			buildSettings = {
				ALWAYS_EMBED_SWIFT_STANDARD_LIBRARIES = YES;
				BUNDLE_LOADER = "$(TEST_HOST)";
				CODE_SIGN_STYLE = Automatic;
				CURRENT_PROJECT_VERSION = 1;
				GENERATE_INFOPLIST_FILE = YES;
				IPHONEOS_DEPLOYMENT_TARGET = 15.5;
				MARKETING_VERSION = 1.0;
				PRODUCT_BUNDLE_IDENTIFIER = lucys.ApiConsumeTests;
				PRODUCT_NAME = "$(TARGET_NAME)";
				SWIFT_EMIT_LOC_STRINGS = NO;
				SWIFT_VERSION = 5.0;
				TARGETED_DEVICE_FAMILY = "1,2";
				TEST_HOST = "$(BUILT_PRODUCTS_DIR)/ApiConsume.app/ApiConsume";
			};
			name = Release;
		};
		8D7F36CD28B4A744008A8DB1 /* Debug */ = {
			isa = XCBuildConfiguration;
			buildSettings = {
				ALWAYS_EMBED_SWIFT_STANDARD_LIBRARIES = YES;
				CODE_SIGN_STYLE = Automatic;
				CURRENT_PROJECT_VERSION = 1;
				GENERATE_INFOPLIST_FILE = YES;
				MARKETING_VERSION = 1.0;
				PRODUCT_BUNDLE_IDENTIFIER = lucys.ApiConsumeUITests;
				PRODUCT_NAME = "$(TARGET_NAME)";
				SWIFT_EMIT_LOC_STRINGS = NO;
				SWIFT_VERSION = 5.0;
				TARGETED_DEVICE_FAMILY = "1,2";
				TEST_TARGET_NAME = ApiConsume;
			};
			name = Debug;
		};
		8D7F36CE28B4A744008A8DB1 /* Release */ = {
			isa = XCBuildConfiguration;
			buildSettings = {
				ALWAYS_EMBED_SWIFT_STANDARD_LIBRARIES = YES;
				CODE_SIGN_STYLE = Automatic;
				CURRENT_PROJECT_VERSION = 1;
				GENERATE_INFOPLIST_FILE = YES;
				MARKETING_VERSION = 1.0;
				PRODUCT_BUNDLE_IDENTIFIER = lucys.ApiConsumeUITests;
				PRODUCT_NAME = "$(TARGET_NAME)";
				SWIFT_EMIT_LOC_STRINGS = NO;
				SWIFT_VERSION = 5.0;
				TARGETED_DEVICE_FAMILY = "1,2";
				TEST_TARGET_NAME = ApiConsume;
			};
			name = Release;
		};
/* End XCBuildConfiguration section */

/* Begin XCConfigurationList section */
		8D7F369D28B4A742008A8DB1 /* Build configuration list for PBXProject "ApiConsume" */ = {
			isa = XCConfigurationList;
			buildConfigurations = (
				8D7F36C428B4A744008A8DB1 /* Debug */,
				8D7F36C528B4A744008A8DB1 /* Release */,
			);
			defaultConfigurationIsVisible = 0;
			defaultConfigurationName = Release;
		};
		8D7F36C628B4A744008A8DB1 /* Build configuration list for PBXNativeTarget "ApiConsume" */ = {
			isa = XCConfigurationList;
			buildConfigurations = (
				8D7F36C728B4A744008A8DB1 /* Debug */,
				8D7F36C828B4A744008A8DB1 /* Release */,
			);
			defaultConfigurationIsVisible = 0;
			defaultConfigurationName = Release;
		};
		8D7F36C928B4A744008A8DB1 /* Build configuration list for PBXNativeTarget "ApiConsumeTests" */ = {
			isa = XCConfigurationList;
			buildConfigurations = (
				8D7F36CA28B4A744008A8DB1 /* Debug */,
				8D7F36CB28B4A744008A8DB1 /* Release */,
			);
			defaultConfigurationIsVisible = 0;
			defaultConfigurationName = Release;
		};
		8D7F36CC28B4A744008A8DB1 /* Build configuration list for PBXNativeTarget "ApiConsumeUITests" */ = {
			isa = XCConfigurationList;
			buildConfigurations = (
				8D7F36CD28B4A744008A8DB1 /* Debug */,
				8D7F36CE28B4A744008A8DB1 /* Release */,
			);
			defaultConfigurationIsVisible = 0;
			defaultConfigurationName = Release;
		};
/* End XCConfigurationList section */
	};
	rootObject = 8D7F369A28B4A742008A8DB1 /* Project object */;
}
